
Microsoft Visual Studio Solution File, Format Version 12.00
# Visual Studio Version 17
VisualStudioVersion = 17.2.32519.379
MinimumVisualStudioVersion = 10.0.40219.1
Project("{00D1A9C2-B5F0-4AF3-8072-F6C62B433612}") = "WKP_Database", "WKP_Database\WKP_Database.sqlproj", "{47938F6D-AA20-41B9-B1E5-1BC3FD731AA3}"
EndProject
Project("{9A19103F-16F7-4668-BE54-9A1E7A4F7556}") = "Backend_UMR_Work_Program", "Backend_UMR_Work_Program\Backend_UMR_Work_Program.csproj", "{D715E937-720A-4B09-878C-A5E7DFB2C2A5}"
EndProject
Global
	GlobalSection(SolutionConfigurationPlatforms) = preSolution
		Debug|Any CPU = Debug|Any CPU
		Release|Any CPU = Release|Any CPU
	EndGlobalSection
	GlobalSection(ProjectConfigurationPlatforms) = postSolution
		{47938F6D-AA20-41B9-B1E5-1BC3FD731AA3}.Debug|Any CPU.ActiveCfg = Debug|Any CPU
		{47938F6D-AA20-41B9-B1E5-1BC3FD731AA3}.Debug|Any CPU.Build.0 = Debug|Any CPU
		{47938F6D-AA20-41B9-B1E5-1BC3FD731AA3}.Debug|Any CPU.Deploy.0 = Debug|Any CPU
		{47938F6D-AA20-41B9-B1E5-1BC3FD731AA3}.Release|Any CPU.ActiveCfg = Release|Any CPU
		{47938F6D-AA20-41B9-B1E5-1BC3FD731AA3}.Release|Any CPU.Build.0 = Release|Any CPU
		{47938F6D-AA20-41B9-B1E5-1BC3FD731AA3}.Release|Any CPU.Deploy.0 = Release|Any CPU
		{D715E937-720A-4B09-878C-A5E7DFB2C2A5}.Debug|Any CPU.ActiveCfg = Debug|Any CPU
		{D715E937-720A-4B09-878C-A5E7DFB2C2A5}.Debug|Any CPU.Build.0 = Debug|Any CPU
		{D715E937-720A-4B09-878C-A5E7DFB2C2A5}.Release|Any CPU.ActiveCfg = Release|Any CPU
		{D715E937-720A-4B09-878C-A5E7DFB2C2A5}.Release|Any CPU.Build.0 = Release|Any CPU
	EndGlobalSection
	GlobalSection(SolutionProperties) = preSolution
		HideSolutionNode = FALSE
	EndGlobalSection
	GlobalSection(ExtensibilityGlobals) = postSolution
		SolutionGuid = {D7AFFE2D-E22E-4BDC-BF34-B7720EE24D4A}
	EndGlobalSection
EndGlobal
